
Microsoft Visual Studio Solution File, Format Version 12.00
# Visual Studio 15
VisualStudioVersion = 15.0.27428.2005
MinimumVisualStudioVersion = 10.0.40219.1
Project("{FAE04EC0-301F-11D3-BF4B-00C04F79EFBC}") = "AkiNet", "AkiNet\AkiNet.csproj", "{80139F47-9BEC-4D26-BA8A-51B539F27A87}"
EndProject
Project("{FAE04EC0-301F-11D3-BF4B-00C04F79EFBC}") = "Test", "Test\Test.csproj", "{76869378-8701-4EF3-A87D-E9437F8F5BB4}"
EndProject
Global
	GlobalSection(SolutionConfigurationPlatforms) = preSolution
		Debug|Any CPU = Debug|Any CPU
		Release|Any CPU = Release|Any CPU
	EndGlobalSection
	GlobalSection(ProjectConfigurationPlatforms) = postSolution
		{80139F47-9BEC-4D26-BA8A-51B539F27A87}.Debug|Any CPU.ActiveCfg = Debug|Any CPU
		{80139F47-9BEC-4D26-BA8A-51B539F27A87}.Debug|Any CPU.Build.0 = Debug|Any CPU
		{80139F47-9BEC-4D26-BA8A-51B539F27A87}.Release|Any CPU.ActiveCfg = Release|Any CPU
		{80139F47-9BEC-4D26-BA8A-51B539F27A87}.Release|Any CPU.Build.0 = Release|Any CPU
		{76869378-8701-4EF3-A87D-E9437F8F5BB4}.Debug|Any CPU.ActiveCfg = Debug|Any CPU
		{76869378-8701-4EF3-A87D-E9437F8F5BB4}.Debug|Any CPU.Build.0 = Debug|Any CPU
		{76869378-8701-4EF3-A87D-E9437F8F5BB4}.Release|Any CPU.ActiveCfg = Release|Any CPU
		{76869378-8701-4EF3-A87D-E9437F8F5BB4}.Release|Any CPU.Build.0 = Release|Any CPU
	EndGlobalSection
	GlobalSection(SolutionProperties) = preSolution
		HideSolutionNode = FALSE
	EndGlobalSection
	GlobalSection(ExtensibilityGlobals) = postSolution
		SolutionGuid = {4325F37C-D1BA-48FC-B112-41D699972653}
	EndGlobalSection
EndGlobal
